
Microsoft Visual Studio Solution File, Format Version 12.00
# Visual Studio Version 17
VisualStudioVersion = 17.9.34622.214
MinimumVisualStudioVersion = 10.0.40219.1
Project("{FAE04EC0-301F-11D3-BF4B-00C04F79EFBC}") = "SSR_Laborator1_Exercitiul3", "SSR_Laborator1_Exercitiul3.csproj", "{33ACAA7C-74BF-4ACC-8246-D2C4589320DC}"
EndProject
Global
	GlobalSection(SolutionConfigurationPlatforms) = preSolution
		Debug|Any CPU = Debug|Any CPU
		Release|Any CPU = Release|Any CPU
	EndGlobalSection
	GlobalSection(ProjectConfigurationPlatforms) = postSolution
		{33ACAA7C-74BF-4ACC-8246-D2C4589320DC}.Debug|Any CPU.ActiveCfg = Debug|Any CPU
		{33ACAA7C-74BF-4ACC-8246-D2C4589320DC}.Debug|Any CPU.Build.0 = Debug|Any CPU
		{33ACAA7C-74BF-4ACC-8246-D2C4589320DC}.Release|Any CPU.ActiveCfg = Release|Any CPU
		{33ACAA7C-74BF-4ACC-8246-D2C4589320DC}.Release|Any CPU.Build.0 = Release|Any CPU
	EndGlobalSection
	GlobalSection(SolutionProperties) = preSolution
		HideSolutionNode = FALSE
	EndGlobalSection
	GlobalSection(ExtensibilityGlobals) = postSolution
		SolutionGuid = {B0F1ABDD-1809-43DC-895E-882F78BF5B61}
	EndGlobalSection
EndGlobal
