
Microsoft Visual Studio Solution File, Format Version 12.00
# Visual Studio Version 17
VisualStudioVersion = 17.9.34622.214
MinimumVisualStudioVersion = 10.0.40219.1
Project("{FAE04EC0-301F-11D3-BF4B-00C04F79EFBC}") = "SSR_Laborator1_Exercitiul5", "SSR_Laborator1_Exercitiul5.csproj", "{CC55F419-DDDC-4211-98CF-2C9EC0F62912}"
EndProject
Global
	GlobalSection(SolutionConfigurationPlatforms) = preSolution
		Debug|Any CPU = Debug|Any CPU
		Release|Any CPU = Release|Any CPU
	EndGlobalSection
	GlobalSection(ProjectConfigurationPlatforms) = postSolution
		{CC55F419-DDDC-4211-98CF-2C9EC0F62912}.Debug|Any CPU.ActiveCfg = Debug|Any CPU
		{CC55F419-DDDC-4211-98CF-2C9EC0F62912}.Debug|Any CPU.Build.0 = Debug|Any CPU
		{CC55F419-DDDC-4211-98CF-2C9EC0F62912}.Release|Any CPU.ActiveCfg = Release|Any CPU
		{CC55F419-DDDC-4211-98CF-2C9EC0F62912}.Release|Any CPU.Build.0 = Release|Any CPU
	EndGlobalSection
	GlobalSection(SolutionProperties) = preSolution
		HideSolutionNode = FALSE
	EndGlobalSection
	GlobalSection(ExtensibilityGlobals) = postSolution
		SolutionGuid = {C2AAA5AF-A230-4406-839C-924063162EFE}
	EndGlobalSection
EndGlobal
