
Microsoft Visual Studio Solution File, Format Version 12.00
# Visual Studio Version 17
VisualStudioVersion = 17.9.34622.214
MinimumVisualStudioVersion = 10.0.40219.1
Project("{FAE04EC0-301F-11D3-BF4B-00C04F79EFBC}") = "SSR_Laborator2_Exercitiul2", "SSR_Laborator2_Exercitiul2.csproj", "{5FD338DB-2CB1-4806-A662-195A8F9551BB}"
EndProject
Global
	GlobalSection(SolutionConfigurationPlatforms) = preSolution
		Debug|Any CPU = Debug|Any CPU
		Release|Any CPU = Release|Any CPU
	EndGlobalSection
	GlobalSection(ProjectConfigurationPlatforms) = postSolution
		{5FD338DB-2CB1-4806-A662-195A8F9551BB}.Debug|Any CPU.ActiveCfg = Debug|Any CPU
		{5FD338DB-2CB1-4806-A662-195A8F9551BB}.Debug|Any CPU.Build.0 = Debug|Any CPU
		{5FD338DB-2CB1-4806-A662-195A8F9551BB}.Release|Any CPU.ActiveCfg = Release|Any CPU
		{5FD338DB-2CB1-4806-A662-195A8F9551BB}.Release|Any CPU.Build.0 = Release|Any CPU
	EndGlobalSection
	GlobalSection(SolutionProperties) = preSolution
		HideSolutionNode = FALSE
	EndGlobalSection
	GlobalSection(ExtensibilityGlobals) = postSolution
		SolutionGuid = {BAE7A1B5-4FBC-4563-BC66-CFD3191E8817}
	EndGlobalSection
EndGlobal
