
Microsoft Visual Studio Solution File, Format Version 12.00
# Visual Studio Version 17
VisualStudioVersion = 17.9.34622.214
MinimumVisualStudioVersion = 10.0.40219.1
Project("{FAE04EC0-301F-11D3-BF4B-00C04F79EFBC}") = "SSR_Laborator1_Exercitiul2", "SSR_Laborator1_Exercitiul2.csproj", "{619BD024-26B6-45A5-B937-6CCED2F71E59}"
EndProject
Global
	GlobalSection(SolutionConfigurationPlatforms) = preSolution
		Debug|Any CPU = Debug|Any CPU
		Release|Any CPU = Release|Any CPU
	EndGlobalSection
	GlobalSection(ProjectConfigurationPlatforms) = postSolution
		{619BD024-26B6-45A5-B937-6CCED2F71E59}.Debug|Any CPU.ActiveCfg = Debug|Any CPU
		{619BD024-26B6-45A5-B937-6CCED2F71E59}.Debug|Any CPU.Build.0 = Debug|Any CPU
		{619BD024-26B6-45A5-B937-6CCED2F71E59}.Release|Any CPU.ActiveCfg = Release|Any CPU
		{619BD024-26B6-45A5-B937-6CCED2F71E59}.Release|Any CPU.Build.0 = Release|Any CPU
	EndGlobalSection
	GlobalSection(SolutionProperties) = preSolution
		HideSolutionNode = FALSE
	EndGlobalSection
	GlobalSection(ExtensibilityGlobals) = postSolution
		SolutionGuid = {C7E6618B-ECFA-4829-9636-F47DD0817EF9}
	EndGlobalSection
EndGlobal
